
Microsoft Visual Studio Solution File, Format Version 12.00
# Visual Studio Version 17
VisualStudioVersion = 17.0.31903.59
MinimumVisualStudioVersion = 10.0.40219.1
Project("{2150E333-8FDC-42A3-9474-1A3956D46DE8}") = "src", "src", "{827E0CD3-B72D-47B6-A68D-7590B98EB39B}"
EndProject
Project("{FAE04EC0-301F-11D3-BF4B-00C04F79EFBC}") = "Domain", "src\Domain\Domain.csproj", "{6FB72529-8125-4084-82DA-7CD7D8031DF1}"
EndProject
Project("{FAE04EC0-301F-11D3-BF4B-00C04F79EFBC}") = "Application", "src\Application\Application.csproj", "{07388C49-ABFE-48FE-9C86-4B05450FB6A2}"
EndProject
Project("{FAE04EC0-301F-11D3-BF4B-00C04F79EFBC}") = "Infrastructure", "src\Infrastructure\Infrastructure.csproj", "{3F981866-B445-45B5-9B50-6A3BD4831117}"
EndProject
Project("{FAE04EC0-301F-11D3-BF4B-00C04F79EFBC}") = "API", "src\API\API.csproj", "{3929E9E9-5B2C-4A63-8EFB-670A0BEAB425}"
EndProject
Project("{2150E333-8FDC-42A3-9474-1A3956D46DE8}") = "test", "test", "{0C88DD14-F956-CE84-757C-A364CCF449FC}"
EndProject
Project("{FAE04EC0-301F-11D3-BF4B-00C04F79EFBC}") = "Backend.Tests", "test\Backend.Tests\Backend.Tests.csproj", "{ED00F457-A582-47D6-A4CB-0A49F6D926A8}"
EndProject
Global
	GlobalSection(SolutionConfigurationPlatforms) = preSolution
		Debug|Any CPU = Debug|Any CPU
		Debug|x64 = Debug|x64
		Debug|x86 = Debug|x86
		Release|Any CPU = Release|Any CPU
		Release|x64 = Release|x64
		Release|x86 = Release|x86
	EndGlobalSection
	GlobalSection(ProjectConfigurationPlatforms) = postSolution
		{6FB72529-8125-4084-82DA-7CD7D8031DF1}.Debug|Any CPU.ActiveCfg = Debug|Any CPU
		{6FB72529-8125-4084-82DA-7CD7D8031DF1}.Debug|Any CPU.Build.0 = Debug|Any CPU
		{6FB72529-8125-4084-82DA-7CD7D8031DF1}.Debug|x64.ActiveCfg = Debug|Any CPU
		{6FB72529-8125-4084-82DA-7CD7D8031DF1}.Debug|x64.Build.0 = Debug|Any CPU
		{6FB72529-8125-4084-82DA-7CD7D8031DF1}.Debug|x86.ActiveCfg = Debug|Any CPU
		{6FB72529-8125-4084-82DA-7CD7D8031DF1}.Debug|x86.Build.0 = Debug|Any CPU
		{6FB72529-8125-4084-82DA-7CD7D8031DF1}.Release|Any CPU.ActiveCfg = Release|Any CPU
		{6FB72529-8125-4084-82DA-7CD7D8031DF1}.Release|Any CPU.Build.0 = Release|Any CPU
		{6FB72529-8125-4084-82DA-7CD7D8031DF1}.Release|x64.ActiveCfg = Release|Any CPU
		{6FB72529-8125-4084-82DA-7CD7D8031DF1}.Release|x64.Build.0 = Release|Any CPU
		{6FB72529-8125-4084-82DA-7CD7D8031DF1}.Release|x86.ActiveCfg = Release|Any CPU
		{6FB72529-8125-4084-82DA-7CD7D8031DF1}.Release|x86.Build.0 = Release|Any CPU
		{07388C49-ABFE-48FE-9C86-4B05450FB6A2}.Debug|Any CPU.ActiveCfg = Debug|Any CPU
		{07388C49-ABFE-48FE-9C86-4B05450FB6A2}.Debug|Any CPU.Build.0 = Debug|Any CPU
		{07388C49-ABFE-48FE-9C86-4B05450FB6A2}.Debug|x64.ActiveCfg = Debug|Any CPU
		{07388C49-ABFE-48FE-9C86-4B05450FB6A2}.Debug|x64.Build.0 = Debug|Any CPU
		{07388C49-ABFE-48FE-9C86-4B05450FB6A2}.Debug|x86.ActiveCfg = Debug|Any CPU
		{07388C49-ABFE-48FE-9C86-4B05450FB6A2}.Debug|x86.Build.0 = Debug|Any CPU
		{07388C49-ABFE-48FE-9C86-4B05450FB6A2}.Release|Any CPU.ActiveCfg = Release|Any CPU
		{07388C49-ABFE-48FE-9C86-4B05450FB6A2}.Release|Any CPU.Build.0 = Release|Any CPU
		{07388C49-ABFE-48FE-9C86-4B05450FB6A2}.Release|x64.ActiveCfg = Release|Any CPU
		{07388C49-ABFE-48FE-9C86-4B05450FB6A2}.Release|x64.Build.0 = Release|Any CPU
		{07388C49-ABFE-48FE-9C86-4B05450FB6A2}.Release|x86.ActiveCfg = Release|Any CPU
		{07388C49-ABFE-48FE-9C86-4B05450FB6A2}.Release|x86.Build.0 = Release|Any CPU
		{3F981866-B445-45B5-9B50-6A3BD4831117}.Debug|Any CPU.ActiveCfg = Debug|Any CPU
		{3F981866-B445-45B5-9B50-6A3BD4831117}.Debug|Any CPU.Build.0 = Debug|Any CPU
		{3F981866-B445-45B5-9B50-6A3BD4831117}.Debug|x64.ActiveCfg = Debug|Any CPU
		{3F981866-B445-45B5-9B50-6A3BD4831117}.Debug|x64.Build.0 = Debug|Any CPU
		{3F981866-B445-45B5-9B50-6A3BD4831117}.Debug|x86.ActiveCfg = Debug|Any CPU
		{3F981866-B445-45B5-9B50-6A3BD4831117}.Debug|x86.Build.0 = Debug|Any CPU
		{3F981866-B445-45B5-9B50-6A3BD4831117}.Release|Any CPU.ActiveCfg = Release|Any CPU
		{3F981866-B445-45B5-9B50-6A3BD4831117}.Release|Any CPU.Build.0 = Release|Any CPU
		{3F981866-B445-45B5-9B50-6A3BD4831117}.Release|x64.ActiveCfg = Release|Any CPU
		{3F981866-B445-45B5-9B50-6A3BD4831117}.Release|x64.Build.0 = Release|Any CPU
		{3F981866-B445-45B5-9B50-6A3BD4831117}.Release|x86.ActiveCfg = Release|Any CPU
		{3F981866-B445-45B5-9B50-6A3BD4831117}.Release|x86.Build.0 = Release|Any CPU
		{3929E9E9-5B2C-4A63-8EFB-670A0BEAB425}.Debug|Any CPU.ActiveCfg = Debug|Any CPU
		{3929E9E9-5B2C-4A63-8EFB-670A0BEAB425}.Debug|Any CPU.Build.0 = Debug|Any CPU
		{3929E9E9-5B2C-4A63-8EFB-670A0BEAB425}.Debug|x64.ActiveCfg = Debug|Any CPU
		{3929E9E9-5B2C-4A63-8EFB-670A0BEAB425}.Debug|x64.Build.0 = Debug|Any CPU
		{3929E9E9-5B2C-4A63-8EFB-670A0BEAB425}.Debug|x86.ActiveCfg = Debug|Any CPU
		{3929E9E9-5B2C-4A63-8EFB-670A0BEAB425}.Debug|x86.Build.0 = Debug|Any CPU
		{3929E9E9-5B2C-4A63-8EFB-670A0BEAB425}.Release|Any CPU.ActiveCfg = Release|Any CPU
		{3929E9E9-5B2C-4A63-8EFB-670A0BEAB425}.Release|Any CPU.Build.0 = Release|Any CPU
		{3929E9E9-5B2C-4A63-8EFB-670A0BEAB425}.Release|x64.ActiveCfg = Release|Any CPU
		{3929E9E9-5B2C-4A63-8EFB-670A0BEAB425}.Release|x64.Build.0 = Release|Any CPU
		{3929E9E9-5B2C-4A63-8EFB-670A0BEAB425}.Release|x86.ActiveCfg = Release|Any CPU
		{3929E9E9-5B2C-4A63-8EFB-670A0BEAB425}.Release|x86.Build.0 = Release|Any CPU
		{ED00F457-A582-47D6-A4CB-0A49F6D926A8}.Debug|Any CPU.ActiveCfg = Debug|Any CPU
		{ED00F457-A582-47D6-A4CB-0A49F6D926A8}.Debug|Any CPU.Build.0 = Debug|Any CPU
		{ED00F457-A582-47D6-A4CB-0A49F6D926A8}.Debug|x64.ActiveCfg = Debug|Any CPU
		{ED00F457-A582-47D6-A4CB-0A49F6D926A8}.Debug|x64.Build.0 = Debug|Any CPU
		{ED00F457-A582-47D6-A4CB-0A49F6D926A8}.Debug|x86.ActiveCfg = Debug|Any CPU
		{ED00F457-A582-47D6-A4CB-0A49F6D926A8}.Debug|x86.Build.0 = Debug|Any CPU
		{ED00F457-A582-47D6-A4CB-0A49F6D926A8}.Release|Any CPU.ActiveCfg = Release|Any CPU
		{ED00F457-A582-47D6-A4CB-0A49F6D926A8}.Release|Any CPU.Build.0 = Release|Any CPU
		{ED00F457-A582-47D6-A4CB-0A49F6D926A8}.Release|x64.ActiveCfg = Release|Any CPU
		{ED00F457-A582-47D6-A4CB-0A49F6D926A8}.Release|x64.Build.0 = Release|Any CPU
		{ED00F457-A582-47D6-A4CB-0A49F6D926A8}.Release|x86.ActiveCfg = Release|Any CPU
		{ED00F457-A582-47D6-A4CB-0A49F6D926A8}.Release|x86.Build.0 = Release|Any CPU
	EndGlobalSection
	GlobalSection(SolutionProperties) = preSolution
		HideSolutionNode = FALSE
	EndGlobalSection
	GlobalSection(NestedProjects) = preSolution
		{6FB72529-8125-4084-82DA-7CD7D8031DF1} = {827E0CD3-B72D-47B6-A68D-7590B98EB39B}
		{07388C49-ABFE-48FE-9C86-4B05450FB6A2} = {827E0CD3-B72D-47B6-A68D-7590B98EB39B}
		{3F981866-B445-45B5-9B50-6A3BD4831117} = {827E0CD3-B72D-47B6-A68D-7590B98EB39B}
		{3929E9E9-5B2C-4A63-8EFB-670A0BEAB425} = {827E0CD3-B72D-47B6-A68D-7590B98EB39B}
		{ED00F457-A582-47D6-A4CB-0A49F6D926A8} = {0C88DD14-F956-CE84-757C-A364CCF449FC}
	EndGlobalSection
EndGlobal
